// !$*UTF8*$!
{
	archiveVersion = 1;
	classes = {
	};
	objectVersion = 46;
	objects = {

/* Begin PBXBuildFile section */
		37585F231D77CCCD00A61C5D /* SLButtonAlignmentViewController.m in Sources */ = {isa = PBXBuildFile; fileRef = 37585F211D77CCCD00A61C5D /* SLButtonAlignmentViewController.m */; };
		37585F241D77CCCD00A61C5D /* SLButtonAlignmentViewController.xib in Resources */ = {isa = PBXBuildFile; fileRef = 37585F221D77CCCD00A61C5D /* SLButtonAlignmentViewController.xib */; };
		3762EAD61D45EF9500107B7A /* HWMemoryCache.m in Sources */ = {isa = PBXBuildFile; fileRef = 3762EAD51D45EF9500107B7A /* HWMemoryCache.m */; };
		3762EAD91D45EFA200107B7A /* HWDiskCache.m in Sources */ = {isa = PBXBuildFile; fileRef = 3762EAD81D45EFA200107B7A /* HWDiskCache.m */; };
		376EE0161D77CAE100F3843B /* SLTestViewController.m in Sources */ = {isa = PBXBuildFile; fileRef = 376EE0141D77CAE100F3843B /* SLTestViewController.m */; };
		376EE0171D77CAE100F3843B /* SLTestViewController.xib in Resources */ = {isa = PBXBuildFile; fileRef = 376EE0151D77CAE100F3843B /* SLTestViewController.xib */; };
		3775218D1D2A51D500BEE37F /* NSObject+HWAddForKVO.m in Sources */ = {isa = PBXBuildFile; fileRef = 3775218C1D2A51D500BEE37F /* NSObject+HWAddForKVO.m */; };
		377521901D2A626200BEE37F /* NSObject+HWAdd.m in Sources */ = {isa = PBXBuildFile; fileRef = 3775218F1D2A626200BEE37F /* NSObject+HWAdd.m */; };
		3779C7181D0FFC2F009122CD /* ic_home_pressed@2x.png in Resources */ = {isa = PBXBuildFile; fileRef = 3779C7161D0FFC2F009122CD /* ic_home_pressed@2x.png */; };
		3779C7191D0FFC2F009122CD /* ic_home_pressed@3x.png in Resources */ = {isa = PBXBuildFile; fileRef = 3779C7171D0FFC2F009122CD /* ic_home_pressed@3x.png */; };
		3779C71C1D0FFC39009122CD /* ic_home@2x.png in Resources */ = {isa = PBXBuildFile; fileRef = 3779C71A1D0FFC39009122CD /* ic_home@2x.png */; };
		3779C71D1D0FFC39009122CD /* ic_home@3x.png in Resources */ = {isa = PBXBuildFile; fileRef = 3779C71B1D0FFC39009122CD /* ic_home@3x.png */; };
		3779C7201D0FFC4B009122CD /* ic_bid@2x.png in Resources */ = {isa = PBXBuildFile; fileRef = 3779C71E1D0FFC4B009122CD /* ic_bid@2x.png */; };
		3779C7211D0FFC4B009122CD /* ic_bid@3x.png in Resources */ = {isa = PBXBuildFile; fileRef = 3779C71F1D0FFC4B009122CD /* ic_bid@3x.png */; };
		3779C7241D0FFC57009122CD /* ic_bid_pressed@2x.png in Resources */ = {isa = PBXBuildFile; fileRef = 3779C7221D0FFC57009122CD /* ic_bid_pressed@2x.png */; };
		3779C7251D0FFC57009122CD /* ic_bid_pressed@3x.png in Resources */ = {isa = PBXBuildFile; fileRef = 3779C7231D0FFC57009122CD /* ic_bid_pressed@3x.png */; };
		3779C7281D0FFC68009122CD /* ic_chat_pressed@2x.png in Resources */ = {isa = PBXBuildFile; fileRef = 3779C7261D0FFC68009122CD /* ic_chat_pressed@2x.png */; };
		3779C7291D0FFC68009122CD /* ic_chat_pressed@3x.png in Resources */ = {isa = PBXBuildFile; fileRef = 3779C7271D0FFC68009122CD /* ic_chat_pressed@3x.png */; };
		3779C72C1D0FFC71009122CD /* ic_chat@2x.png in Resources */ = {isa = PBXBuildFile; fileRef = 3779C72A1D0FFC71009122CD /* ic_chat@2x.png */; };
		3779C72D1D0FFC71009122CD /* ic_chat@3x.png in Resources */ = {isa = PBXBuildFile; fileRef = 3779C72B1D0FFC71009122CD /* ic_chat@3x.png */; };
		3779C7301D0FFC80009122CD /* ic_mine_pressed@2x.png in Resources */ = {isa = PBXBuildFile; fileRef = 3779C72E1D0FFC80009122CD /* ic_mine_pressed@2x.png */; };
		3779C7311D0FFC80009122CD /* ic_mine_pressed@3x.png in Resources */ = {isa = PBXBuildFile; fileRef = 3779C72F1D0FFC80009122CD /* ic_mine_pressed@3x.png */; };
		3779C7341D0FFC88009122CD /* ic_mine@2x.png in Resources */ = {isa = PBXBuildFile; fileRef = 3779C7321D0FFC88009122CD /* ic_mine@2x.png */; };
		3779C7351D0FFC88009122CD /* ic_mine@3x.png in Resources */ = {isa = PBXBuildFile; fileRef = 3779C7331D0FFC88009122CD /* ic_mine@3x.png */; };
		379E12DD1D631E8500290AC1 /* HWTableRow.m in Sources */ = {isa = PBXBuildFile; fileRef = 379E12DC1D631E8500290AC1 /* HWTableRow.m */; };
		379E12E71D6412AE00290AC1 /* HWTableCellModel.m in Sources */ = {isa = PBXBuildFile; fileRef = 379E12E61D6412AE00290AC1 /* HWTableCellModel.m */; };
		379E12F61D65B61D00290AC1 /* UIImageView+HWWebImage.m in Sources */ = {isa = PBXBuildFile; fileRef = 379E12F51D65B61D00290AC1 /* UIImageView+HWWebImage.m */; };
		379E12F91D65B62F00290AC1 /* UIButton+HWWebImage.m in Sources */ = {isa = PBXBuildFile; fileRef = 379E12F81D65B62F00290AC1 /* UIButton+HWWebImage.m */; };
		37A378981D1008E500FDD444 /* HWCoreFramework.podspec in Resources */ = {isa = PBXBuildFile; fileRef = 37A378971D1008E500FDD444 /* HWCoreFramework.podspec */; };
		37A378D31D10FBCE00FDD444 /* HWTableController.m in Sources */ = {isa = PBXBuildFile; fileRef = 37A378BD1D10FBCE00FDD444 /* HWTableController.m */; };
		37A378D41D10FBCE00FDD444 /* HWCellModel.m in Sources */ = {isa = PBXBuildFile; fileRef = 37A378C11D10FBCE00FDD444 /* HWCellModel.m */; };
		37A378D51D10FBCE00FDD444 /* HWTableSource.m in Sources */ = {isa = PBXBuildFile; fileRef = 37A378C31D10FBCE00FDD444 /* HWTableSource.m */; };
		37A378D61D10FBCE00FDD444 /* NSArray+HWAdd.m in Sources */ = {isa = PBXBuildFile; fileRef = 37A378C71D10FBCE00FDD444 /* NSArray+HWAdd.m */; };
		37A378D71D10FBCE00FDD444 /* UIImage+HWAdd.m in Sources */ = {isa = PBXBuildFile; fileRef = 37A378CB1D10FBCE00FDD444 /* UIImage+HWAdd.m */; };
		37A378D81D10FBCE00FDD444 /* UIScreen+HWAdd.m in Sources */ = {isa = PBXBuildFile; fileRef = 37A378CD1D10FBCE00FDD444 /* UIScreen+HWAdd.m */; };
		37A378D91D10FBCE00FDD444 /* HWTableCell.m in Sources */ = {isa = PBXBuildFile; fileRef = 37A378D01D10FBCE00FDD444 /* HWTableCell.m */; };
		37CE4BB51D128AF600E2ED7F /* HWTableSection.m in Sources */ = {isa = PBXBuildFile; fileRef = 37CE4BB41D128AF600E2ED7F /* HWTableSection.m */; };
		37CE4BB81D1295A800E2ED7F /* UIButton+HWAdd.m in Sources */ = {isa = PBXBuildFile; fileRef = 37CE4BB71D1295A800E2ED7F /* UIButton+HWAdd.m */; };
		37CE4BBB1D12B0B900E2ED7F /* UIViewController+HWAdd.m in Sources */ = {isa = PBXBuildFile; fileRef = 37CE4BBA1D12B0B900E2ED7F /* UIViewController+HWAdd.m */; };
		37CE4BBE1D12B11400E2ED7F /* UIView+HWAdd.m in Sources */ = {isa = PBXBuildFile; fileRef = 37CE4BBD1D12B11400E2ED7F /* UIView+HWAdd.m */; };
		37F0109C1D19030E00C4E209 /* HWTabBarController.m in Sources */ = {isa = PBXBuildFile; fileRef = 37F0109B1D19030E00C4E209 /* HWTabBarController.m */; };
		37F010BC1D1A325000C4E209 /* HWNetworkRequest.m in Sources */ = {isa = PBXBuildFile; fileRef = 37F010BB1D1A325000C4E209 /* HWNetworkRequest.m */; };
		37F010BF1D1A325C00C4E209 /* HWNetworkResponse.m in Sources */ = {isa = PBXBuildFile; fileRef = 37F010BE1D1A325C00C4E209 /* HWNetworkResponse.m */; };
		37F010CC1D1B819700C4E209 /* NSData+HWAdd.m in Sources */ = {isa = PBXBuildFile; fileRef = 37F010CB1D1B819700C4E209 /* NSData+HWAdd.m */; };
		37F010CF1D1B83AA00C4E209 /* NSDate+HWAdd.m in Sources */ = {isa = PBXBuildFile; fileRef = 37F010CE1D1B83AA00C4E209 /* NSDate+HWAdd.m */; };
		37F010D51D1B843900C4E209 /* NSDictionary+HWAdd.m in Sources */ = {isa = PBXBuildFile; fileRef = 37F010D41D1B843900C4E209 /* NSDictionary+HWAdd.m */; };
		37F010D81D1B84D000C4E209 /* NSKeyedUnarchiver+HWAdd.m in Sources */ = {isa = PBXBuildFile; fileRef = 37F010D71D1B84D000C4E209 /* NSKeyedUnarchiver+HWAdd.m */; };
		37F010DB1D1B851500C4E209 /* NSString+HWAdd.m in Sources */ = {isa = PBXBuildFile; fileRef = 37F010DA1D1B851500C4E209 /* NSString+HWAdd.m */; };
		37F010DE1D1B85BF00C4E209 /* UIApplication+HWAdd.m in Sources */ = {isa = PBXBuildFile; fileRef = 37F010DD1D1B85BF00C4E209 /* UIApplication+HWAdd.m */; };
		37F010E11D1B863100C4E209 /* UIColor+HWAdd.m in Sources */ = {isa = PBXBuildFile; fileRef = 37F010E01D1B863100C4E209 /* UIColor+HWAdd.m */; };
		37F010E41D1B866A00C4E209 /* UIDevice+HWAdd.m in Sources */ = {isa = PBXBuildFile; fileRef = 37F010E31D1B866A00C4E209 /* UIDevice+HWAdd.m */; };
		37F010E71D1B879900C4E209 /* UIFont+HWAdd.m in Sources */ = {isa = PBXBuildFile; fileRef = 37F010E61D1B879900C4E209 /* UIFont+HWAdd.m */; };
		37F010EA1D1B888000C4E209 /* UIScrollView+HWAdd.m in Sources */ = {isa = PBXBuildFile; fileRef = 37F010E91D1B888000C4E209 /* UIScrollView+HWAdd.m */; };
		37F010ED1D1B88C200C4E209 /* UITableView+HWAdd.m in Sources */ = {isa = PBXBuildFile; fileRef = 37F010EC1D1B88C200C4E209 /* UITableView+HWAdd.m */; };
		37F010F11D1BCC5500C4E209 /* HWCache.m in Sources */ = {isa = PBXBuildFile; fileRef = 37F010F01D1BCC5500C4E209 /* HWCache.m */; };
		37F010F51D1BD9BF00C4E209 /* NSObject+HWModel.m in Sources */ = {isa = PBXBuildFile; fileRef = 37F010F41D1BD9BF00C4E209 /* NSObject+HWModel.m */; };
		37F0110C1D22244500C4E209 /* HWClassInfo.m in Sources */ = {isa = PBXBuildFile; fileRef = 37F0110B1D22244500C4E209 /* HWClassInfo.m */; };
		37F083051D7969F6000F828E /* SLApplicationViewController.m in Sources */ = {isa = PBXBuildFile; fileRef = 37F083031D7969F6000F828E /* SLApplicationViewController.m */; };
		37F083061D7969F6000F828E /* SLApplicationViewController.xib in Resources */ = {isa = PBXBuildFile; fileRef = 37F083041D7969F6000F828E /* SLApplicationViewController.xib */; };
		6003F58E195388D20070C39A /* Foundation.framework in Frameworks */ = {isa = PBXBuildFile; fileRef = 6003F58D195388D20070C39A /* Foundation.framework */; };
		6003F590195388D20070C39A /* CoreGraphics.framework in Frameworks */ = {isa = PBXBuildFile; fileRef = 6003F58F195388D20070C39A /* CoreGraphics.framework */; };
		6003F592195388D20070C39A /* UIKit.framework in Frameworks */ = {isa = PBXBuildFile; fileRef = 6003F591195388D20070C39A /* UIKit.framework */; };
		6003F598195388D20070C39A /* InfoPlist.strings in Resources */ = {isa = PBXBuildFile; fileRef = 6003F596195388D20070C39A /* InfoPlist.strings */; };
		6003F59A195388D20070C39A /* main.m in Sources */ = {isa = PBXBuildFile; fileRef = 6003F599195388D20070C39A /* main.m */; };
		6003F59E195388D20070C39A /* AppDelegate.m in Sources */ = {isa = PBXBuildFile; fileRef = 6003F59D195388D20070C39A /* AppDelegate.m */; };
		6003F5A9195388D20070C39A /* Images.xcassets in Resources */ = {isa = PBXBuildFile; fileRef = 6003F5A8195388D20070C39A /* Images.xcassets */; };
		F72A0C332EBCA6B97D2A4616 /* libPods.a in Frameworks */ = {isa = PBXBuildFile; fileRef = 3BEE3A36438009ABB2E417A7 /* libPods.a */; };
/* End PBXBuildFile section */

/* Begin PBXFileReference section */
		12ED28FEA8153953593DBC08 /* Pods.release.xcconfig */ = {isa = PBXFileReference; includeInIndex = 1; lastKnownFileType = text.xcconfig; name = Pods.release.xcconfig; path = "Pods/Target Support Files/Pods/Pods.release.xcconfig"; sourceTree = "<group>"; };
		25EFF4AA658B66E8794CD778 /* Pods.debug.xcconfig */ = {isa = PBXFileReference; includeInIndex = 1; lastKnownFileType = text.xcconfig; name = Pods.debug.xcconfig; path = "Pods/Target Support Files/Pods/Pods.debug.xcconfig"; sourceTree = "<group>"; };
		37585F201D77CCCD00A61C5D /* SLButtonAlignmentViewController.h */ = {isa = PBXFileReference; fileEncoding = 4; lastKnownFileType = sourcecode.c.h; path = SLButtonAlignmentViewController.h; sourceTree = "<group>"; };
		37585F211D77CCCD00A61C5D /* SLButtonAlignmentViewController.m */ = {isa = PBXFileReference; fileEncoding = 4; lastKnownFileType = sourcecode.c.objc; path = SLButtonAlignmentViewController.m; sourceTree = "<group>"; };
		37585F221D77CCCD00A61C5D /* SLButtonAlignmentViewController.xib */ = {isa = PBXFileReference; fileEncoding = 4; lastKnownFileType = file.xib; path = SLButtonAlignmentViewController.xib; sourceTree = "<group>"; };
		3762EAD41D45EF9500107B7A /* HWMemoryCache.h */ = {isa = PBXFileReference; fileEncoding = 4; lastKnownFileType = sourcecode.c.h; path = HWMemoryCache.h; sourceTree = "<group>"; };
		3762EAD51D45EF9500107B7A /* HWMemoryCache.m */ = {isa = PBXFileReference; fileEncoding = 4; lastKnownFileType = sourcecode.c.objc; path = HWMemoryCache.m; sourceTree = "<group>"; };
		3762EAD71D45EFA200107B7A /* HWDiskCache.h */ = {isa = PBXFileReference; fileEncoding = 4; lastKnownFileType = sourcecode.c.h; path = HWDiskCache.h; sourceTree = "<group>"; };
		3762EAD81D45EFA200107B7A /* HWDiskCache.m */ = {isa = PBXFileReference; fileEncoding = 4; lastKnownFileType = sourcecode.c.objc; path = HWDiskCache.m; sourceTree = "<group>"; };
		376EE0131D77CAE100F3843B /* SLTestViewController.h */ = {isa = PBXFileReference; fileEncoding = 4; lastKnownFileType = sourcecode.c.h; path = SLTestViewController.h; sourceTree = "<group>"; };
		376EE0141D77CAE100F3843B /* SLTestViewController.m */ = {isa = PBXFileReference; fileEncoding = 4; lastKnownFileType = sourcecode.c.objc; path = SLTestViewController.m; sourceTree = "<group>"; };
		376EE0151D77CAE100F3843B /* SLTestViewController.xib */ = {isa = PBXFileReference; fileEncoding = 4; lastKnownFileType = file.xib; path = SLTestViewController.xib; sourceTree = "<group>"; };
		3775218B1D2A51D500BEE37F /* NSObject+HWAddForKVO.h */ = {isa = PBXFileReference; fileEncoding = 4; lastKnownFileType = sourcecode.c.h; path = "NSObject+HWAddForKVO.h"; sourceTree = "<group>"; };
		3775218C1D2A51D500BEE37F /* NSObject+HWAddForKVO.m */ = {isa = PBXFileReference; fileEncoding = 4; lastKnownFileType = sourcecode.c.objc; path = "NSObject+HWAddForKVO.m"; sourceTree = "<group>"; };
		3775218E1D2A626200BEE37F /* NSObject+HWAdd.h */ = {isa = PBXFileReference; fileEncoding = 4; lastKnownFileType = sourcecode.c.h; path = "NSObject+HWAdd.h"; sourceTree = "<group>"; };
		3775218F1D2A626200BEE37F /* NSObject+HWAdd.m */ = {isa = PBXFileReference; fileEncoding = 4; lastKnownFileType = sourcecode.c.objc; path = "NSObject+HWAdd.m"; sourceTree = "<group>"; };
		3779C7161D0FFC2F009122CD /* ic_home_pressed@2x.png */ = {isa = PBXFileReference; lastKnownFileType = image.png; path = "ic_home_pressed@2x.png"; sourceTree = "<group>"; };
		3779C7171D0FFC2F009122CD /* ic_home_pressed@3x.png */ = {isa = PBXFileReference; lastKnownFileType = image.png; path = "ic_home_pressed@3x.png"; sourceTree = "<group>"; };
		3779C71A1D0FFC39009122CD /* ic_home@2x.png */ = {isa = PBXFileReference; lastKnownFileType = image.png; path = "ic_home@2x.png"; sourceTree = "<group>"; };
		3779C71B1D0FFC39009122CD /* ic_home@3x.png */ = {isa = PBXFileReference; lastKnownFileType = image.png; path = "ic_home@3x.png"; sourceTree = "<group>"; };
		3779C71E1D0FFC4B009122CD /* ic_bid@2x.png */ = {isa = PBXFileReference; lastKnownFileType = image.png; path = "ic_bid@2x.png"; sourceTree = "<group>"; };
		3779C71F1D0FFC4B009122CD /* ic_bid@3x.png */ = {isa = PBXFileReference; lastKnownFileType = image.png; path = "ic_bid@3x.png"; sourceTree = "<group>"; };
		3779C7221D0FFC57009122CD /* ic_bid_pressed@2x.png */ = {isa = PBXFileReference; lastKnownFileType = image.png; path = "ic_bid_pressed@2x.png"; sourceTree = "<group>"; };
		3779C7231D0FFC57009122CD /* ic_bid_pressed@3x.png */ = {isa = PBXFileReference; lastKnownFileType = image.png; path = "ic_bid_pressed@3x.png"; sourceTree = "<group>"; };
		3779C7261D0FFC68009122CD /* ic_chat_pressed@2x.png */ = {isa = PBXFileReference; lastKnownFileType = image.png; path = "ic_chat_pressed@2x.png"; sourceTree = "<group>"; };
		3779C7271D0FFC68009122CD /* ic_chat_pressed@3x.png */ = {isa = PBXFileReference; lastKnownFileType = image.png; path = "ic_chat_pressed@3x.png"; sourceTree = "<group>"; };
		3779C72A1D0FFC71009122CD /* ic_chat@2x.png */ = {isa = PBXFileReference; lastKnownFileType = image.png; path = "ic_chat@2x.png"; sourceTree = "<group>"; };
		3779C72B1D0FFC71009122CD /* ic_chat@3x.png */ = {isa = PBXFileReference; lastKnownFileType = image.png; path = "ic_chat@3x.png"; sourceTree = "<group>"; };
		3779C72E1D0FFC80009122CD /* ic_mine_pressed@2x.png */ = {isa = PBXFileReference; lastKnownFileType = image.png; path = "ic_mine_pressed@2x.png"; sourceTree = "<group>"; };
		3779C72F1D0FFC80009122CD /* ic_mine_pressed@3x.png */ = {isa = PBXFileReference; lastKnownFileType = image.png; path = "ic_mine_pressed@3x.png"; sourceTree = "<group>"; };
		3779C7321D0FFC88009122CD /* ic_mine@2x.png */ = {isa = PBXFileReference; lastKnownFileType = image.png; path = "ic_mine@2x.png"; sourceTree = "<group>"; };
		3779C7331D0FFC88009122CD /* ic_mine@3x.png */ = {isa = PBXFileReference; lastKnownFileType = image.png; path = "ic_mine@3x.png"; sourceTree = "<group>"; };
		379E12DB1D631E8500290AC1 /* HWTableRow.h */ = {isa = PBXFileReference; fileEncoding = 4; lastKnownFileType = sourcecode.c.h; path = HWTableRow.h; sourceTree = "<group>"; };
		379E12DC1D631E8500290AC1 /* HWTableRow.m */ = {isa = PBXFileReference; fileEncoding = 4; lastKnownFileType = sourcecode.c.objc; path = HWTableRow.m; sourceTree = "<group>"; };
		379E12E51D6412AE00290AC1 /* HWTableCellModel.h */ = {isa = PBXFileReference; fileEncoding = 4; lastKnownFileType = sourcecode.c.h; path = HWTableCellModel.h; sourceTree = "<group>"; };
		379E12E61D6412AE00290AC1 /* HWTableCellModel.m */ = {isa = PBXFileReference; fileEncoding = 4; lastKnownFileType = sourcecode.c.objc; path = HWTableCellModel.m; sourceTree = "<group>"; };
		379E12F41D65B61D00290AC1 /* UIImageView+HWWebImage.h */ = {isa = PBXFileReference; fileEncoding = 4; lastKnownFileType = sourcecode.c.h; path = "UIImageView+HWWebImage.h"; sourceTree = "<group>"; };
		379E12F51D65B61D00290AC1 /* UIImageView+HWWebImage.m */ = {isa = PBXFileReference; fileEncoding = 4; lastKnownFileType = sourcecode.c.objc; path = "UIImageView+HWWebImage.m"; sourceTree = "<group>"; };
		379E12F71D65B62F00290AC1 /* UIButton+HWWebImage.h */ = {isa = PBXFileReference; fileEncoding = 4; lastKnownFileType = sourcecode.c.h; path = "UIButton+HWWebImage.h"; sourceTree = "<group>"; };
		379E12F81D65B62F00290AC1 /* UIButton+HWWebImage.m */ = {isa = PBXFileReference; fileEncoding = 4; lastKnownFileType = sourcecode.c.objc; path = "UIButton+HWWebImage.m"; sourceTree = "<group>"; };
		37A378971D1008E500FDD444 /* HWCoreFramework.podspec */ = {isa = PBXFileReference; fileEncoding = 4; lastKnownFileType = text; name = HWCoreFramework.podspec; path = ../HWCoreFramework.podspec; sourceTree = "<group>"; };
		37A378BC1D10FBCE00FDD444 /* HWTableController.h */ = {isa = PBXFileReference; fileEncoding = 4; lastKnownFileType = sourcecode.c.h; path = HWTableController.h; sourceTree = "<group>"; };
		37A378BD1D10FBCE00FDD444 /* HWTableController.m */ = {isa = PBXFileReference; fileEncoding = 4; lastKnownFileType = sourcecode.c.objc; path = HWTableController.m; sourceTree = "<group>"; };
		37A378BE1D10FBCE00FDD444 /* HWCoreFramework.h */ = {isa = PBXFileReference; fileEncoding = 4; lastKnownFileType = sourcecode.c.h; path = HWCoreFramework.h; sourceTree = "<group>"; };
		37A378C01D10FBCE00FDD444 /* HWCellModel.h */ = {isa = PBXFileReference; fileEncoding = 4; lastKnownFileType = sourcecode.c.h; path = HWCellModel.h; sourceTree = "<group>"; };
		37A378C11D10FBCE00FDD444 /* HWCellModel.m */ = {isa = PBXFileReference; fileEncoding = 4; lastKnownFileType = sourcecode.c.objc; path = HWCellModel.m; sourceTree = "<group>"; };
		37A378C21D10FBCE00FDD444 /* HWTableSource.h */ = {isa = PBXFileReference; fileEncoding = 4; lastKnownFileType = sourcecode.c.h; path = HWTableSource.h; sourceTree = "<group>"; };
		37A378C31D10FBCE00FDD444 /* HWTableSource.m */ = {isa = PBXFileReference; fileEncoding = 4; lastKnownFileType = sourcecode.c.objc; path = HWTableSource.m; sourceTree = "<group>"; };
		37A378C61D10FBCE00FDD444 /* NSArray+HWAdd.h */ = {isa = PBXFileReference; fileEncoding = 4; lastKnownFileType = sourcecode.c.h; path = "NSArray+HWAdd.h"; sourceTree = "<group>"; };
		37A378C71D10FBCE00FDD444 /* NSArray+HWAdd.m */ = {isa = PBXFileReference; fileEncoding = 4; lastKnownFileType = sourcecode.c.objc; path = "NSArray+HWAdd.m"; sourceTree = "<group>"; };
		37A378C81D10FBCE00FDD444 /* HWUtils.h */ = {isa = PBXFileReference; fileEncoding = 4; lastKnownFileType = sourcecode.c.h; path = HWUtils.h; sourceTree = "<group>"; };
		37A378CA1D10FBCE00FDD444 /* UIImage+HWAdd.h */ = {isa = PBXFileReference; fileEncoding = 4; lastKnownFileType = sourcecode.c.h; path = "UIImage+HWAdd.h"; sourceTree = "<group>"; };
		37A378CB1D10FBCE00FDD444 /* UIImage+HWAdd.m */ = {isa = PBXFileReference; fileEncoding = 4; lastKnownFileType = sourcecode.c.objc; path = "UIImage+HWAdd.m"; sourceTree = "<group>"; };
		37A378CC1D10FBCE00FDD444 /* UIScreen+HWAdd.h */ = {isa = PBXFileReference; fileEncoding = 4; lastKnownFileType = sourcecode.c.h; path = "UIScreen+HWAdd.h"; sourceTree = "<group>"; };
		37A378CD1D10FBCE00FDD444 /* UIScreen+HWAdd.m */ = {isa = PBXFileReference; fileEncoding = 4; lastKnownFileType = sourcecode.c.objc; path = "UIScreen+HWAdd.m"; sourceTree = "<group>"; };
		37A378CF1D10FBCE00FDD444 /* HWTableCell.h */ = {isa = PBXFileReference; fileEncoding = 4; lastKnownFileType = sourcecode.c.h; path = HWTableCell.h; sourceTree = "<group>"; };
		37A378D01D10FBCE00FDD444 /* HWTableCell.m */ = {isa = PBXFileReference; fileEncoding = 4; lastKnownFileType = sourcecode.c.objc; path = HWTableCell.m; sourceTree = "<group>"; };
		37A378DB1D1135B900FDD444 /* HWNetwork.h */ = {isa = PBXFileReference; lastKnownFileType = sourcecode.c.h; path = HWNetwork.h; sourceTree = "<group>"; };
		37A378DC1D1136A800FDD444 /* HWNetworkDefines.h */ = {isa = PBXFileReference; lastKnownFileType = sourcecode.c.h; path = HWNetworkDefines.h; sourceTree = "<group>"; };
		37A378DD1D11551800FDD444 /* HWUtilsMacro.h */ = {isa = PBXFileReference; lastKnownFileType = sourcecode.c.h; path = HWUtilsMacro.h; sourceTree = "<group>"; };
		37CE4BB31D128AF600E2ED7F /* HWTableSection.h */ = {isa = PBXFileReference; fileEncoding = 4; lastKnownFileType = sourcecode.c.h; path = HWTableSection.h; sourceTree = "<group>"; };
		37CE4BB41D128AF600E2ED7F /* HWTableSection.m */ = {isa = PBXFileReference; fileEncoding = 4; lastKnownFileType = sourcecode.c.objc; path = HWTableSection.m; sourceTree = "<group>"; };
		37CE4BB61D1295A800E2ED7F /* UIButton+HWAdd.h */ = {isa = PBXFileReference; fileEncoding = 4; lastKnownFileType = sourcecode.c.h; path = "UIButton+HWAdd.h"; sourceTree = "<group>"; };
		37CE4BB71D1295A800E2ED7F /* UIButton+HWAdd.m */ = {isa = PBXFileReference; fileEncoding = 4; lastKnownFileType = sourcecode.c.objc; path = "UIButton+HWAdd.m"; sourceTree = "<group>"; };
		37CE4BB91D12B0B900E2ED7F /* UIViewController+HWAdd.h */ = {isa = PBXFileReference; fileEncoding = 4; lastKnownFileType = sourcecode.c.h; path = "UIViewController+HWAdd.h"; sourceTree = "<group>"; };
		37CE4BBA1D12B0B900E2ED7F /* UIViewController+HWAdd.m */ = {isa = PBXFileReference; fileEncoding = 4; lastKnownFileType = sourcecode.c.objc; path = "UIViewController+HWAdd.m"; sourceTree = "<group>"; };
		37CE4BBC1D12B11400E2ED7F /* UIView+HWAdd.h */ = {isa = PBXFileReference; fileEncoding = 4; lastKnownFileType = sourcecode.c.h; path = "UIView+HWAdd.h"; sourceTree = "<group>"; };
		37CE4BBD1D12B11400E2ED7F /* UIView+HWAdd.m */ = {isa = PBXFileReference; fileEncoding = 4; lastKnownFileType = sourcecode.c.objc; path = "UIView+HWAdd.m"; sourceTree = "<group>"; };
		37F0109A1D19030E00C4E209 /* HWTabBarController.h */ = {isa = PBXFileReference; fileEncoding = 4; lastKnownFileType = sourcecode.c.h; path = HWTabBarController.h; sourceTree = "<group>"; };
		37F0109B1D19030E00C4E209 /* HWTabBarController.m */ = {isa = PBXFileReference; fileEncoding = 4; lastKnownFileType = sourcecode.c.objc; path = HWTabBarController.m; sourceTree = "<group>"; };
		37F010BA1D1A325000C4E209 /* HWNetworkRequest.h */ = {isa = PBXFileReference; fileEncoding = 4; lastKnownFileType = sourcecode.c.h; path = HWNetworkRequest.h; sourceTree = "<group>"; };
		37F010BB1D1A325000C4E209 /* HWNetworkRequest.m */ = {isa = PBXFileReference; fileEncoding = 4; lastKnownFileType = sourcecode.c.objc; path = HWNetworkRequest.m; sourceTree = "<group>"; };
		37F010BD1D1A325C00C4E209 /* HWNetworkResponse.h */ = {isa = PBXFileReference; fileEncoding = 4; lastKnownFileType = sourcecode.c.h; path = HWNetworkResponse.h; sourceTree = "<group>"; };
		37F010BE1D1A325C00C4E209 /* HWNetworkResponse.m */ = {isa = PBXFileReference; fileEncoding = 4; lastKnownFileType = sourcecode.c.objc; path = HWNetworkResponse.m; sourceTree = "<group>"; };
		37F010CA1D1B819700C4E209 /* NSData+HWAdd.h */ = {isa = PBXFileReference; fileEncoding = 4; lastKnownFileType = sourcecode.c.h; path = "NSData+HWAdd.h"; sourceTree = "<group>"; };
		37F010CB1D1B819700C4E209 /* NSData+HWAdd.m */ = {isa = PBXFileReference; fileEncoding = 4; lastKnownFileType = sourcecode.c.objc; path = "NSData+HWAdd.m"; sourceTree = "<group>"; };
		37F010CD1D1B83AA00C4E209 /* NSDate+HWAdd.h */ = {isa = PBXFileReference; fileEncoding = 4; lastKnownFileType = sourcecode.c.h; path = "NSDate+HWAdd.h"; sourceTree = "<group>"; };
		37F010CE1D1B83AA00C4E209 /* NSDate+HWAdd.m */ = {isa = PBXFileReference; fileEncoding = 4; lastKnownFileType = sourcecode.c.objc; path = "NSDate+HWAdd.m"; sourceTree = "<group>"; };
		37F010D31D1B843900C4E209 /* NSDictionary+HWAdd.h */ = {isa = PBXFileReference; fileEncoding = 4; lastKnownFileType = sourcecode.c.h; path = "NSDictionary+HWAdd.h"; sourceTree = "<group>"; };
		37F010D41D1B843900C4E209 /* NSDictionary+HWAdd.m */ = {isa = PBXFileReference; fileEncoding = 4; lastKnownFileType = sourcecode.c.objc; path = "NSDictionary+HWAdd.m"; sourceTree = "<group>"; };
		37F010D61D1B84D000C4E209 /* NSKeyedUnarchiver+HWAdd.h */ = {isa = PBXFileReference; fileEncoding = 4; lastKnownFileType = sourcecode.c.h; path = "NSKeyedUnarchiver+HWAdd.h"; sourceTree = "<group>"; };
		37F010D71D1B84D000C4E209 /* NSKeyedUnarchiver+HWAdd.m */ = {isa = PBXFileReference; fileEncoding = 4; lastKnownFileType = sourcecode.c.objc; path = "NSKeyedUnarchiver+HWAdd.m"; sourceTree = "<group>"; };
		37F010D91D1B851500C4E209 /* NSString+HWAdd.h */ = {isa = PBXFileReference; fileEncoding = 4; lastKnownFileType = sourcecode.c.h; path = "NSString+HWAdd.h"; sourceTree = "<group>"; };
		37F010DA1D1B851500C4E209 /* NSString+HWAdd.m */ = {isa = PBXFileReference; fileEncoding = 4; lastKnownFileType = sourcecode.c.objc; path = "NSString+HWAdd.m"; sourceTree = "<group>"; };
		37F010DC1D1B85BF00C4E209 /* UIApplication+HWAdd.h */ = {isa = PBXFileReference; fileEncoding = 4; lastKnownFileType = sourcecode.c.h; path = "UIApplication+HWAdd.h"; sourceTree = "<group>"; };
		37F010DD1D1B85BF00C4E209 /* UIApplication+HWAdd.m */ = {isa = PBXFileReference; fileEncoding = 4; lastKnownFileType = sourcecode.c.objc; path = "UIApplication+HWAdd.m"; sourceTree = "<group>"; };
		37F010DF1D1B863100C4E209 /* UIColor+HWAdd.h */ = {isa = PBXFileReference; fileEncoding = 4; lastKnownFileType = sourcecode.c.h; path = "UIColor+HWAdd.h"; sourceTree = "<group>"; };
		37F010E01D1B863100C4E209 /* UIColor+HWAdd.m */ = {isa = PBXFileReference; fileEncoding = 4; lastKnownFileType = sourcecode.c.objc; path = "UIColor+HWAdd.m"; sourceTree = "<group>"; };
		37F010E21D1B866A00C4E209 /* UIDevice+HWAdd.h */ = {isa = PBXFileReference; fileEncoding = 4; lastKnownFileType = sourcecode.c.h; path = "UIDevice+HWAdd.h"; sourceTree = "<group>"; };
		37F010E31D1B866A00C4E209 /* UIDevice+HWAdd.m */ = {isa = PBXFileReference; fileEncoding = 4; lastKnownFileType = sourcecode.c.objc; path = "UIDevice+HWAdd.m"; sourceTree = "<group>"; };
		37F010E51D1B879900C4E209 /* UIFont+HWAdd.h */ = {isa = PBXFileReference; fileEncoding = 4; lastKnownFileType = sourcecode.c.h; path = "UIFont+HWAdd.h"; sourceTree = "<group>"; };
		37F010E61D1B879900C4E209 /* UIFont+HWAdd.m */ = {isa = PBXFileReference; fileEncoding = 4; lastKnownFileType = sourcecode.c.objc; path = "UIFont+HWAdd.m"; sourceTree = "<group>"; };
		37F010E81D1B888000C4E209 /* UIScrollView+HWAdd.h */ = {isa = PBXFileReference; fileEncoding = 4; lastKnownFileType = sourcecode.c.h; path = "UIScrollView+HWAdd.h"; sourceTree = "<group>"; };
		37F010E91D1B888000C4E209 /* UIScrollView+HWAdd.m */ = {isa = PBXFileReference; fileEncoding = 4; lastKnownFileType = sourcecode.c.objc; path = "UIScrollView+HWAdd.m"; sourceTree = "<group>"; };
		37F010EB1D1B88C200C4E209 /* UITableView+HWAdd.h */ = {isa = PBXFileReference; fileEncoding = 4; lastKnownFileType = sourcecode.c.h; path = "UITableView+HWAdd.h"; sourceTree = "<group>"; };
		37F010EC1D1B88C200C4E209 /* UITableView+HWAdd.m */ = {isa = PBXFileReference; fileEncoding = 4; lastKnownFileType = sourcecode.c.objc; path = "UITableView+HWAdd.m"; sourceTree = "<group>"; };
		37F010EF1D1BCC5500C4E209 /* HWCache.h */ = {isa = PBXFileReference; fileEncoding = 4; lastKnownFileType = sourcecode.c.h; path = HWCache.h; sourceTree = "<group>"; };
		37F010F01D1BCC5500C4E209 /* HWCache.m */ = {isa = PBXFileReference; fileEncoding = 4; lastKnownFileType = sourcecode.c.objc; path = HWCache.m; sourceTree = "<group>"; };
		37F010F31D1BD9BF00C4E209 /* NSObject+HWModel.h */ = {isa = PBXFileReference; fileEncoding = 4; lastKnownFileType = sourcecode.c.h; path = "NSObject+HWModel.h"; sourceTree = "<group>"; };
		37F010F41D1BD9BF00C4E209 /* NSObject+HWModel.m */ = {isa = PBXFileReference; fileEncoding = 4; lastKnownFileType = sourcecode.c.objc; path = "NSObject+HWModel.m"; sourceTree = "<group>"; };
		37F010F61D1CD55400C4E209 /* HWModel.h */ = {isa = PBXFileReference; lastKnownFileType = sourcecode.c.h; path = HWModel.h; sourceTree = "<group>"; };
		37F0110A1D22244500C4E209 /* HWClassInfo.h */ = {isa = PBXFileReference; fileEncoding = 4; lastKnownFileType = sourcecode.c.h; path = HWClassInfo.h; sourceTree = "<group>"; };
		37F0110B1D22244500C4E209 /* HWClassInfo.m */ = {isa = PBXFileReference; fileEncoding = 4; lastKnownFileType = sourcecode.c.objc; path = HWClassInfo.m; sourceTree = "<group>"; };
		37F083021D7969F6000F828E /* SLApplicationViewController.h */ = {isa = PBXFileReference; fileEncoding = 4; lastKnownFileType = sourcecode.c.h; path = SLApplicationViewController.h; sourceTree = "<group>"; };
		37F083031D7969F6000F828E /* SLApplicationViewController.m */ = {isa = PBXFileReference; fileEncoding = 4; lastKnownFileType = sourcecode.c.objc; path = SLApplicationViewController.m; sourceTree = "<group>"; };
		37F083041D7969F6000F828E /* SLApplicationViewController.xib */ = {isa = PBXFileReference; fileEncoding = 4; lastKnownFileType = file.xib; path = SLApplicationViewController.xib; sourceTree = "<group>"; };
		3BEE3A36438009ABB2E417A7 /* libPods.a */ = {isa = PBXFileReference; explicitFileType = archive.ar; includeInIndex = 0; path = libPods.a; sourceTree = BUILT_PRODUCTS_DIR; };
		6003F58A195388D20070C39A /* HWCoreFramework.app */ = {isa = PBXFileReference; explicitFileType = wrapper.application; includeInIndex = 0; path = HWCoreFramework.app; sourceTree = BUILT_PRODUCTS_DIR; };
		6003F58D195388D20070C39A /* Foundation.framework */ = {isa = PBXFileReference; lastKnownFileType = wrapper.framework; name = Foundation.framework; path = System/Library/Frameworks/Foundation.framework; sourceTree = SDKROOT; };
		6003F58F195388D20070C39A /* CoreGraphics.framework */ = {isa = PBXFileReference; lastKnownFileType = wrapper.framework; name = CoreGraphics.framework; path = System/Library/Frameworks/CoreGraphics.framework; sourceTree = SDKROOT; };
		6003F591195388D20070C39A /* UIKit.framework */ = {isa = PBXFileReference; lastKnownFileType = wrapper.framework; name = UIKit.framework; path = System/Library/Frameworks/UIKit.framework; sourceTree = SDKROOT; };
		6003F595195388D20070C39A /* HWCoreFramework-Info.plist */ = {isa = PBXFileReference; lastKnownFileType = text.plist.xml; path = "HWCoreFramework-Info.plist"; sourceTree = "<group>"; };
		6003F597195388D20070C39A /* en */ = {isa = PBXFileReference; lastKnownFileType = text.plist.strings; name = en; path = en.lproj/InfoPlist.strings; sourceTree = "<group>"; };
		6003F599195388D20070C39A /* main.m */ = {isa = PBXFileReference; lastKnownFileType = sourcecode.c.objc; path = main.m; sourceTree = "<group>"; };
		6003F59B195388D20070C39A /* HWCoreFramework-Prefix.pch */ = {isa = PBXFileReference; lastKnownFileType = sourcecode.c.h; path = "HWCoreFramework-Prefix.pch"; sourceTree = "<group>"; };
		6003F59C195388D20070C39A /* AppDelegate.h */ = {isa = PBXFileReference; lastKnownFileType = sourcecode.c.h; path = AppDelegate.h; sourceTree = "<group>"; };
		6003F59D195388D20070C39A /* AppDelegate.m */ = {isa = PBXFileReference; lastKnownFileType = sourcecode.c.objc; path = AppDelegate.m; sourceTree = "<group>"; };
		6003F5A8195388D20070C39A /* Images.xcassets */ = {isa = PBXFileReference; lastKnownFileType = folder.assetcatalog; path = Images.xcassets; sourceTree = "<group>"; };
/* End PBXFileReference section */

/* Begin PBXFrameworksBuildPhase section */
		6003F587195388D20070C39A /* Frameworks */ = {
			isa = PBXFrameworksBuildPhase;
			buildActionMask = 2147483647;
			files = (
				6003F590195388D20070C39A /* CoreGraphics.framework in Frameworks */,
				6003F592195388D20070C39A /* UIKit.framework in Frameworks */,
				6003F58E195388D20070C39A /* Foundation.framework in Frameworks */,
				F72A0C332EBCA6B97D2A4616 /* libPods.a in Frameworks */,
			);
			runOnlyForDeploymentPostprocessing = 0;
		};
/* End PBXFrameworksBuildPhase section */

/* Begin PBXGroup section */
		3779C7001D0FF706009122CD /* Class */ = {
			isa = PBXGroup;
			children = (
				37585F201D77CCCD00A61C5D /* SLButtonAlignmentViewController.h */,
				37585F211D77CCCD00A61C5D /* SLButtonAlignmentViewController.m */,
				37585F221D77CCCD00A61C5D /* SLButtonAlignmentViewController.xib */,
				37F083021D7969F6000F828E /* SLApplicationViewController.h */,
				37F083031D7969F6000F828E /* SLApplicationViewController.m */,
				37F083041D7969F6000F828E /* SLApplicationViewController.xib */,
				376EE0131D77CAE100F3843B /* SLTestViewController.h */,
				376EE0141D77CAE100F3843B /* SLTestViewController.m */,
				376EE0151D77CAE100F3843B /* SLTestViewController.xib */,
			);
			path = Class;
			sourceTree = "<group>";
		};
		3779C7031D0FF8DE009122CD /* Resource */ = {
			isa = PBXGroup;
			children = (
				3779C7151D0FFC12009122CD /* Image */,
				6003F5A8195388D20070C39A /* Images.xcassets */,
			);
			path = Resource;
			sourceTree = "<group>";
		};
		3779C7151D0FFC12009122CD /* Image */ = {
			isa = PBXGroup;
			children = (
				3779C71E1D0FFC4B009122CD /* ic_bid@2x.png */,
				3779C71F1D0FFC4B009122CD /* ic_bid@3x.png */,
				3779C7221D0FFC57009122CD /* ic_bid_pressed@2x.png */,
				3779C7231D0FFC57009122CD /* ic_bid_pressed@3x.png */,
				3779C72A1D0FFC71009122CD /* ic_chat@2x.png */,
				3779C72B1D0FFC71009122CD /* ic_chat@3x.png */,
				3779C7261D0FFC68009122CD /* ic_chat_pressed@2x.png */,
				3779C7271D0FFC68009122CD /* ic_chat_pressed@3x.png */,
				3779C71A1D0FFC39009122CD /* ic_home@2x.png */,
				3779C71B1D0FFC39009122CD /* ic_home@3x.png */,
				3779C7161D0FFC2F009122CD /* ic_home_pressed@2x.png */,
				3779C7171D0FFC2F009122CD /* ic_home_pressed@3x.png */,
				3779C7321D0FFC88009122CD /* ic_mine@2x.png */,
				3779C7331D0FFC88009122CD /* ic_mine@3x.png */,
				3779C72E1D0FFC80009122CD /* ic_mine_pressed@2x.png */,
				3779C72F1D0FFC80009122CD /* ic_mine_pressed@3x.png */,
			);
			path = Image;
			sourceTree = "<group>";
		};
		379E12DA1D631D8500290AC1 /* Table */ = {
			isa = PBXGroup;
			children = (
				37A378CF1D10FBCE00FDD444 /* HWTableCell.h */,
				37A378D01D10FBCE00FDD444 /* HWTableCell.m */,
				379E12E51D6412AE00290AC1 /* HWTableCellModel.h */,
				379E12E61D6412AE00290AC1 /* HWTableCellModel.m */,
				37A378BC1D10FBCE00FDD444 /* HWTableController.h */,
				37A378BD1D10FBCE00FDD444 /* HWTableController.m */,
				379E12DB1D631E8500290AC1 /* HWTableRow.h */,
				379E12DC1D631E8500290AC1 /* HWTableRow.m */,
				37CE4BB31D128AF600E2ED7F /* HWTableSection.h */,
				37CE4BB41D128AF600E2ED7F /* HWTableSection.m */,
				37A378C21D10FBCE00FDD444 /* HWTableSource.h */,
				37A378C31D10FBCE00FDD444 /* HWTableSource.m */,
			);
			path = Table;
			sourceTree = "<group>";
		};
		379E12EF1D65B59A00290AC1 /* WebImage */ = {
			isa = PBXGroup;
			children = (
				379E12F71D65B62F00290AC1 /* UIButton+HWWebImage.h */,
				379E12F81D65B62F00290AC1 /* UIButton+HWWebImage.m */,
				379E12F41D65B61D00290AC1 /* UIImageView+HWWebImage.h */,
				379E12F51D65B61D00290AC1 /* UIImageView+HWWebImage.m */,
			);
			path = WebImage;
			sourceTree = "<group>";
		};
		37A378B61D10FB6200FDD444 /* HWCoreFramework */ = {
			isa = PBXGroup;
			children = (
				37A378B71D10FBCE00FDD444 /* Assets */,
				37A378B91D10FBCE00FDD444 /* Classes */,
			);
			path = HWCoreFramework;
			sourceTree = "<group>";
		};
		37A378B71D10FBCE00FDD444 /* Assets */ = {
			isa = PBXGroup;
			children = (
			);
			path = Assets;
			sourceTree = "<group>";
		};
		37A378B91D10FBCE00FDD444 /* Classes */ = {
			isa = PBXGroup;
			children = (
				37F010EE1D1B8C4200C4E209 /* Cache */,
				37F010F21D1BCC6600C4E209 /* Core */,
				37A378BF1D10FBCE00FDD444 /* Model */,
				37A378DA1D11351C00FDD444 /* Network */,
				37A378C41D10FBCE00FDD444 /* Utils */,
				379E12EF1D65B59A00290AC1 /* WebImage */,
				37A378BE1D10FBCE00FDD444 /* HWCoreFramework.h */,
			);
			path = Classes;
			sourceTree = "<group>";
		};
		37A378BF1D10FBCE00FDD444 /* Model */ = {
			isa = PBXGroup;
			children = (
				37F0110A1D22244500C4E209 /* HWClassInfo.h */,
				37F0110B1D22244500C4E209 /* HWClassInfo.m */,
				37F010F61D1CD55400C4E209 /* HWModel.h */,
				37F010F31D1BD9BF00C4E209 /* NSObject+HWModel.h */,
				37F010F41D1BD9BF00C4E209 /* NSObject+HWModel.m */,
			);
			path = Model;
			sourceTree = "<group>";
		};
		37A378C41D10FBCE00FDD444 /* Utils */ = {
			isa = PBXGroup;
			children = (
				37A378C51D10FBCE00FDD444 /* Foundation */,
				37A378C91D10FBCE00FDD444 /* UIKit */,
				37A378C81D10FBCE00FDD444 /* HWUtils.h */,
				37A378DD1D11551800FDD444 /* HWUtilsMacro.h */,
			);
			path = Utils;
			sourceTree = "<group>";
		};
		37A378C51D10FBCE00FDD444 /* Foundation */ = {
			isa = PBXGroup;
			children = (
				37A378C61D10FBCE00FDD444 /* NSArray+HWAdd.h */,
				37A378C71D10FBCE00FDD444 /* NSArray+HWAdd.m */,
				37F010CA1D1B819700C4E209 /* NSData+HWAdd.h */,
				37F010CB1D1B819700C4E209 /* NSData+HWAdd.m */,
				37F010CD1D1B83AA00C4E209 /* NSDate+HWAdd.h */,
				37F010CE1D1B83AA00C4E209 /* NSDate+HWAdd.m */,
				37F010D31D1B843900C4E209 /* NSDictionary+HWAdd.h */,
				37F010D41D1B843900C4E209 /* NSDictionary+HWAdd.m */,
				37F010D61D1B84D000C4E209 /* NSKeyedUnarchiver+HWAdd.h */,
				37F010D71D1B84D000C4E209 /* NSKeyedUnarchiver+HWAdd.m */,
				3775218E1D2A626200BEE37F /* NSObject+HWAdd.h */,
				3775218F1D2A626200BEE37F /* NSObject+HWAdd.m */,
				3775218B1D2A51D500BEE37F /* NSObject+HWAddForKVO.h */,
				3775218C1D2A51D500BEE37F /* NSObject+HWAddForKVO.m */,
				37F010D91D1B851500C4E209 /* NSString+HWAdd.h */,
				37F010DA1D1B851500C4E209 /* NSString+HWAdd.m */,
			);
			path = Foundation;
			sourceTree = "<group>";
		};
		37A378C91D10FBCE00FDD444 /* UIKit */ = {
			isa = PBXGroup;
			children = (
				37F010DC1D1B85BF00C4E209 /* UIApplication+HWAdd.h */,
				37F010DD1D1B85BF00C4E209 /* UIApplication+HWAdd.m */,
				37CE4BB61D1295A800E2ED7F /* UIButton+HWAdd.h */,
				37CE4BB71D1295A800E2ED7F /* UIButton+HWAdd.m */,
				37F010DF1D1B863100C4E209 /* UIColor+HWAdd.h */,
				37F010E01D1B863100C4E209 /* UIColor+HWAdd.m */,
				37F010E21D1B866A00C4E209 /* UIDevice+HWAdd.h */,
				37F010E31D1B866A00C4E209 /* UIDevice+HWAdd.m */,
				37F010E51D1B879900C4E209 /* UIFont+HWAdd.h */,
				37F010E61D1B879900C4E209 /* UIFont+HWAdd.m */,
				37A378CA1D10FBCE00FDD444 /* UIImage+HWAdd.h */,
				37A378CB1D10FBCE00FDD444 /* UIImage+HWAdd.m */,
				37A378CC1D10FBCE00FDD444 /* UIScreen+HWAdd.h */,
				37A378CD1D10FBCE00FDD444 /* UIScreen+HWAdd.m */,
				37F010E81D1B888000C4E209 /* UIScrollView+HWAdd.h */,
				37F010E91D1B888000C4E209 /* UIScrollView+HWAdd.m */,
				37F010EB1D1B88C200C4E209 /* UITableView+HWAdd.h */,
				37F010EC1D1B88C200C4E209 /* UITableView+HWAdd.m */,
				37CE4BBC1D12B11400E2ED7F /* UIView+HWAdd.h */,
				37CE4BBD1D12B11400E2ED7F /* UIView+HWAdd.m */,
				37CE4BB91D12B0B900E2ED7F /* UIViewController+HWAdd.h */,
				37CE4BBA1D12B0B900E2ED7F /* UIViewController+HWAdd.m */,
			);
			path = UIKit;
			sourceTree = "<group>";
		};
		37A378DA1D11351C00FDD444 /* Network */ = {
			isa = PBXGroup;
			children = (
				37A378DB1D1135B900FDD444 /* HWNetwork.h */,
				37A378DC1D1136A800FDD444 /* HWNetworkDefines.h */,
				37F010BA1D1A325000C4E209 /* HWNetworkRequest.h */,
				37F010BB1D1A325000C4E209 /* HWNetworkRequest.m */,
				37F010BD1D1A325C00C4E209 /* HWNetworkResponse.h */,
				37F010BE1D1A325C00C4E209 /* HWNetworkResponse.m */,
			);
			path = Network;
			sourceTree = "<group>";
		};
		37F010EE1D1B8C4200C4E209 /* Cache */ = {
			isa = PBXGroup;
			children = (
				37F010EF1D1BCC5500C4E209 /* HWCache.h */,
				37F010F01D1BCC5500C4E209 /* HWCache.m */,
				3762EAD71D45EFA200107B7A /* HWDiskCache.h */,
				3762EAD81D45EFA200107B7A /* HWDiskCache.m */,
				3762EAD41D45EF9500107B7A /* HWMemoryCache.h */,
				3762EAD51D45EF9500107B7A /* HWMemoryCache.m */,
			);
			path = Cache;
			sourceTree = "<group>";
		};
		37F010F21D1BCC6600C4E209 /* Core */ = {
			isa = PBXGroup;
			children = (
				379E12DA1D631D8500290AC1 /* Table */,
				37A378C01D10FBCE00FDD444 /* HWCellModel.h */,
				37A378C11D10FBCE00FDD444 /* HWCellModel.m */,
				37F0109A1D19030E00C4E209 /* HWTabBarController.h */,
				37F0109B1D19030E00C4E209 /* HWTabBarController.m */,
			);
			path = Core;
			sourceTree = "<group>";
		};
		6003F581195388D10070C39A = {
			isa = PBXGroup;
			children = (
				6003F593195388D20070C39A /* BenchMark */,
				6003F58C195388D20070C39A /* Frameworks */,
				37A378B61D10FB6200FDD444 /* HWCoreFramework */,
				F8ABA7205475FCA262989731 /* Pods */,
				6003F58B195388D20070C39A /* Products */,
				37A378971D1008E500FDD444 /* HWCoreFramework.podspec */,
			);
			sourceTree = "<group>";
		};
		6003F58B195388D20070C39A /* Products */ = {
			isa = PBXGroup;
			children = (
				6003F58A195388D20070C39A /* HWCoreFramework.app */,
			);
			name = Products;
			sourceTree = "<group>";
		};
		6003F58C195388D20070C39A /* Frameworks */ = {
			isa = PBXGroup;
			children = (
				6003F58D195388D20070C39A /* Foundation.framework */,
				6003F58F195388D20070C39A /* CoreGraphics.framework */,
				6003F591195388D20070C39A /* UIKit.framework */,
				3BEE3A36438009ABB2E417A7 /* libPods.a */,
			);
			name = Frameworks;
			sourceTree = "<group>";
		};
		6003F593195388D20070C39A /* BenchMark */ = {
			isa = PBXGroup;
			children = (
				3779C7001D0FF706009122CD /* Class */,
				3779C7031D0FF8DE009122CD /* Resource */,
				6003F59C195388D20070C39A /* AppDelegate.h */,
				6003F59D195388D20070C39A /* AppDelegate.m */,
				6003F595195388D20070C39A /* HWCoreFramework-Info.plist */,
				6003F59B195388D20070C39A /* HWCoreFramework-Prefix.pch */,
				6003F596195388D20070C39A /* InfoPlist.strings */,
				6003F599195388D20070C39A /* main.m */,
			);
			path = BenchMark;
			sourceTree = "<group>";
		};
		F8ABA7205475FCA262989731 /* Pods */ = {
			isa = PBXGroup;
			children = (
				25EFF4AA658B66E8794CD778 /* Pods.debug.xcconfig */,
				12ED28FEA8153953593DBC08 /* Pods.release.xcconfig */,
			);
			name = Pods;
			sourceTree = "<group>";
		};
/* End PBXGroup section */

/* Begin PBXNativeTarget section */
		6003F589195388D20070C39A /* HWCoreFramework */ = {
			isa = PBXNativeTarget;
			buildConfigurationList = 6003F5BF195388D20070C39A /* Build configuration list for PBXNativeTarget "HWCoreFramework" */;
			buildPhases = (
				60CB6C751B7517F08E932757 /* Check Pods Manifest.lock */,
				6003F586195388D20070C39A /* Sources */,
				6003F587195388D20070C39A /* Frameworks */,
				6003F588195388D20070C39A /* Resources */,
				844165E6D39BA66C56A78813 /* Copy Pods Resources */,
				F9474CB602A36C7002946614 /* Embed Pods Frameworks */,
			);
			buildRules = (
			);
			dependencies = (
			);
			name = HWCoreFramework;
			productName = HWCoreFramework;
			productReference = 6003F58A195388D20070C39A /* HWCoreFramework.app */;
			productType = "com.apple.product-type.application";
		};
/* End PBXNativeTarget section */

/* Begin PBXProject section */
		6003F582195388D10070C39A /* Project object */ = {
			isa = PBXProject;
			attributes = {
				CLASSPREFIX = SL;
				LastUpgradeCheck = 0800;
				ORGANIZATIONNAME = ParallelWorld;
				TargetAttributes = {
					6003F589195388D20070C39A = {
						DevelopmentTeam = 65UUVDTS99;
					};
				};
			};
			buildConfigurationList = 6003F585195388D10070C39A /* Build configuration list for PBXProject "HWCoreFramework" */;
			compatibilityVersion = "Xcode 3.2";
			developmentRegion = English;
			hasScannedForEncodings = 0;
			knownRegions = (
				en,
				Base,
			);
			mainGroup = 6003F581195388D10070C39A;
			productRefGroup = 6003F58B195388D20070C39A /* Products */;
			projectDirPath = "";
			projectRoot = "";
			targets = (
				6003F589195388D20070C39A /* HWCoreFramework */,
			);
		};
/* End PBXProject section */

/* Begin PBXResourcesBuildPhase section */
		6003F588195388D20070C39A /* Resources */ = {
			isa = PBXResourcesBuildPhase;
			buildActionMask = 2147483647;
			files = (
				3779C7291D0FFC68009122CD /* ic_chat_pressed@3x.png in Resources */,
				3779C72D1D0FFC71009122CD /* ic_chat@3x.png in Resources */,
				3779C7241D0FFC57009122CD /* ic_bid_pressed@2x.png in Resources */,
				3779C7181D0FFC2F009122CD /* ic_home_pressed@2x.png in Resources */,
				3779C7251D0FFC57009122CD /* ic_bid_pressed@3x.png in Resources */,
				3779C72C1D0FFC71009122CD /* ic_chat@2x.png in Resources */,
				3779C7351D0FFC88009122CD /* ic_mine@3x.png in Resources */,
				376EE0171D77CAE100F3843B /* SLTestViewController.xib in Resources */,
				3779C7191D0FFC2F009122CD /* ic_home_pressed@3x.png in Resources */,
				37A378981D1008E500FDD444 /* HWCoreFramework.podspec in Resources */,
				3779C71C1D0FFC39009122CD /* ic_home@2x.png in Resources */,
				6003F5A9195388D20070C39A /* Images.xcassets in Resources */,
				37F083061D7969F6000F828E /* SLApplicationViewController.xib in Resources */,
				3779C7341D0FFC88009122CD /* ic_mine@2x.png in Resources */,
				3779C7211D0FFC4B009122CD /* ic_bid@3x.png in Resources */,
				3779C7281D0FFC68009122CD /* ic_chat_pressed@2x.png in Resources */,
				3779C71D1D0FFC39009122CD /* ic_home@3x.png in Resources */,
				3779C7301D0FFC80009122CD /* ic_mine_pressed@2x.png in Resources */,
				3779C7311D0FFC80009122CD /* ic_mine_pressed@3x.png in Resources */,
				37585F241D77CCCD00A61C5D /* SLButtonAlignmentViewController.xib in Resources */,
				3779C7201D0FFC4B009122CD /* ic_bid@2x.png in Resources */,
				6003F598195388D20070C39A /* InfoPlist.strings in Resources */,
			);
			runOnlyForDeploymentPostprocessing = 0;
		};
/* End PBXResourcesBuildPhase section */

/* Begin PBXShellScriptBuildPhase section */
		60CB6C751B7517F08E932757 /* Check Pods Manifest.lock */ = {
			isa = PBXShellScriptBuildPhase;
			buildActionMask = 2147483647;
			files = (
			);
			inputPaths = (
			);
			name = "Check Pods Manifest.lock";
			outputPaths = (
			);
			runOnlyForDeploymentPostprocessing = 0;
			shellPath = /bin/sh;
			shellScript = "diff \"${PODS_ROOT}/../Podfile.lock\" \"${PODS_ROOT}/Manifest.lock\" > /dev/null\nif [[ $? != 0 ]] ; then\n    cat << EOM\nerror: The sandbox is not in sync with the Podfile.lock. Run 'pod install' or update your CocoaPods installation.\nEOM\n    exit 1\nfi\n";
			showEnvVarsInLog = 0;
		};
		844165E6D39BA66C56A78813 /* Copy Pods Resources */ = {
			isa = PBXShellScriptBuildPhase;
			buildActionMask = 2147483647;
			files = (
			);
			inputPaths = (
			);
			name = "Copy Pods Resources";
			outputPaths = (
			);
			runOnlyForDeploymentPostprocessing = 0;
			shellPath = /bin/sh;
			shellScript = "\"${SRCROOT}/Pods/Target Support Files/Pods/Pods-resources.sh\"\n";
			showEnvVarsInLog = 0;
		};
		F9474CB602A36C7002946614 /* Embed Pods Frameworks */ = {
			isa = PBXShellScriptBuildPhase;
			buildActionMask = 2147483647;
			files = (
			);
			inputPaths = (
			);
			name = "Embed Pods Frameworks";
			outputPaths = (
			);
			runOnlyForDeploymentPostprocessing = 0;
			shellPath = /bin/sh;
			shellScript = "\"${SRCROOT}/Pods/Target Support Files/Pods/Pods-frameworks.sh\"\n";
			showEnvVarsInLog = 0;
		};
/* End PBXShellScriptBuildPhase section */

/* Begin PBXSourcesBuildPhase section */
		6003F586195388D20070C39A /* Sources */ = {
			isa = PBXSourcesBuildPhase;
			buildActionMask = 2147483647;
			files = (
				6003F59E195388D20070C39A /* AppDelegate.m in Sources */,
				37F010DE1D1B85BF00C4E209 /* UIApplication+HWAdd.m in Sources */,
				37A378D51D10FBCE00FDD444 /* HWTableSource.m in Sources */,
				37A378D61D10FBCE00FDD444 /* NSArray+HWAdd.m in Sources */,
				379E12DD1D631E8500290AC1 /* HWTableRow.m in Sources */,
				37F0109C1D19030E00C4E209 /* HWTabBarController.m in Sources */,
				37A378D91D10FBCE00FDD444 /* HWTableCell.m in Sources */,
				37CE4BB81D1295A800E2ED7F /* UIButton+HWAdd.m in Sources */,
				37F010D81D1B84D000C4E209 /* NSKeyedUnarchiver+HWAdd.m in Sources */,
				37F010E71D1B879900C4E209 /* UIFont+HWAdd.m in Sources */,
				3762EAD61D45EF9500107B7A /* HWMemoryCache.m in Sources */,
				37CE4BB51D128AF600E2ED7F /* HWTableSection.m in Sources */,
				37F010DB1D1B851500C4E209 /* NSString+HWAdd.m in Sources */,
				3775218D1D2A51D500BEE37F /* NSObject+HWAddForKVO.m in Sources */,
				37F010EA1D1B888000C4E209 /* UIScrollView+HWAdd.m in Sources */,
				37F010F11D1BCC5500C4E209 /* HWCache.m in Sources */,
				37F010E41D1B866A00C4E209 /* UIDevice+HWAdd.m in Sources */,
				37CE4BBE1D12B11400E2ED7F /* UIView+HWAdd.m in Sources */,
				37A378D41D10FBCE00FDD444 /* HWCellModel.m in Sources */,
				37A378D71D10FBCE00FDD444 /* UIImage+HWAdd.m in Sources */,
				37F010E11D1B863100C4E209 /* UIColor+HWAdd.m in Sources */,
				37F083051D7969F6000F828E /* SLApplicationViewController.m in Sources */,
				37F010F51D1BD9BF00C4E209 /* NSObject+HWModel.m in Sources */,
				37F010BF1D1A325C00C4E209 /* HWNetworkResponse.m in Sources */,
				377521901D2A626200BEE37F /* NSObject+HWAdd.m in Sources */,
				37F010CF1D1B83AA00C4E209 /* NSDate+HWAdd.m in Sources */,
				3762EAD91D45EFA200107B7A /* HWDiskCache.m in Sources */,
				37A378D81D10FBCE00FDD444 /* UIScreen+HWAdd.m in Sources */,
				379E12E71D6412AE00290AC1 /* HWTableCellModel.m in Sources */,
				37F010CC1D1B819700C4E209 /* NSData+HWAdd.m in Sources */,
				37F010ED1D1B88C200C4E209 /* UITableView+HWAdd.m in Sources */,
				6003F59A195388D20070C39A /* main.m in Sources */,
				379E12F91D65B62F00290AC1 /* UIButton+HWWebImage.m in Sources */,
				37CE4BBB1D12B0B900E2ED7F /* UIViewController+HWAdd.m in Sources */,
				37F010D51D1B843900C4E209 /* NSDictionary+HWAdd.m in Sources */,
				37F0110C1D22244500C4E209 /* HWClassInfo.m in Sources */,
				379E12F61D65B61D00290AC1 /* UIImageView+HWWebImage.m in Sources */,
				37F010BC1D1A325000C4E209 /* HWNetworkRequest.m in Sources */,
				37A378D31D10FBCE00FDD444 /* HWTableController.m in Sources */,
				376EE0161D77CAE100F3843B /* SLTestViewController.m in Sources */,
				37585F231D77CCCD00A61C5D /* SLButtonAlignmentViewController.m in Sources */,
			);
			runOnlyForDeploymentPostprocessing = 0;
		};
/* End PBXSourcesBuildPhase section */

/* Begin PBXVariantGroup section */
		6003F596195388D20070C39A /* InfoPlist.strings */ = {
			isa = PBXVariantGroup;
			children = (
				6003F597195388D20070C39A /* en */,
			);
			name = InfoPlist.strings;
			path = .;
			sourceTree = "<group>";
		};
/* End PBXVariantGroup section */

/* Begin XCBuildConfiguration section */
		6003F5BD195388D20070C39A /* Debug */ = {
			isa = XCBuildConfiguration;
			buildSettings = {
				ALWAYS_SEARCH_USER_PATHS = NO;
				CLANG_CXX_LANGUAGE_STANDARD = "gnu++0x";
				CLANG_CXX_LIBRARY = "libc++";
				CLANG_ENABLE_MODULES = YES;
				CLANG_ENABLE_OBJC_ARC = YES;
				CLANG_WARN_BOOL_CONVERSION = YES;
				CLANG_WARN_CONSTANT_CONVERSION = YES;
				CLANG_WARN_DIRECT_OBJC_ISA_USAGE = YES_ERROR;
				CLANG_WARN_EMPTY_BODY = YES;
				CLANG_WARN_ENUM_CONVERSION = YES;
				CLANG_WARN_INT_CONVERSION = YES;
				CLANG_WARN_OBJC_ROOT_CLASS = YES_ERROR;
				CLANG_WARN_UNREACHABLE_CODE = YES;
				CLANG_WARN__DUPLICATE_METHOD_MATCH = YES;
				"CODE_SIGN_IDENTITY[sdk=iphoneos*]" = "iPhone Developer";
				COPY_PHASE_STRIP = NO;
				ENABLE_STRICT_OBJC_MSGSEND = YES;
				ENABLE_TESTABILITY = YES;
				GCC_C_LANGUAGE_STANDARD = gnu99;
				GCC_DYNAMIC_NO_PIC = NO;
				GCC_NO_COMMON_BLOCKS = YES;
				GCC_OPTIMIZATION_LEVEL = 0;
				GCC_PREPROCESSOR_DEFINITIONS = (
					"DEBUG=1",
					"$(inherited)",
				);
				GCC_SYMBOLS_PRIVATE_EXTERN = NO;
				GCC_WARN_64_TO_32_BIT_CONVERSION = YES;
				GCC_WARN_ABOUT_RETURN_TYPE = YES_ERROR;
				GCC_WARN_UNDECLARED_SELECTOR = YES;
				GCC_WARN_UNINITIALIZED_AUTOS = YES_AGGRESSIVE;
				GCC_WARN_UNUSED_FUNCTION = YES;
				GCC_WARN_UNUSED_VARIABLE = YES;
				IPHONEOS_DEPLOYMENT_TARGET = 8.3;
				ONLY_ACTIVE_ARCH = YES;
				SDKROOT = iphoneos;
				TARGETED_DEVICE_FAMILY = "1,2";
			};
			name = Debug;
		};
		6003F5BE195388D20070C39A /* Release */ = {
			isa = XCBuildConfiguration;
			buildSettings = {
				ALWAYS_SEARCH_USER_PATHS = NO;
				CLANG_CXX_LANGUAGE_STANDARD = "gnu++0x";
				CLANG_CXX_LIBRARY = "libc++";
				CLANG_ENABLE_MODULES = YES;
				CLANG_ENABLE_OBJC_ARC = YES;
				CLANG_WARN_BOOL_CONVERSION = YES;
				CLANG_WARN_CONSTANT_CONVERSION = YES;
				CLANG_WARN_DIRECT_OBJC_ISA_USAGE = YES_ERROR;
				CLANG_WARN_EMPTY_BODY = YES;
				CLANG_WARN_ENUM_CONVERSION = YES;
				CLANG_WARN_INT_CONVERSION = YES;
				CLANG_WARN_OBJC_ROOT_CLASS = YES_ERROR;
				CLANG_WARN_UNREACHABLE_CODE = YES;
				CLANG_WARN__DUPLICATE_METHOD_MATCH = YES;
				"CODE_SIGN_IDENTITY[sdk=iphoneos*]" = "iPhone Developer";
				COPY_PHASE_STRIP = YES;
				ENABLE_NS_ASSERTIONS = NO;
				ENABLE_STRICT_OBJC_MSGSEND = YES;
				GCC_C_LANGUAGE_STANDARD = gnu99;
				GCC_NO_COMMON_BLOCKS = YES;
				GCC_WARN_64_TO_32_BIT_CONVERSION = YES;
				GCC_WARN_ABOUT_RETURN_TYPE = YES_ERROR;
				GCC_WARN_UNDECLARED_SELECTOR = YES;
				GCC_WARN_UNINITIALIZED_AUTOS = YES_AGGRESSIVE;
				GCC_WARN_UNUSED_FUNCTION = YES;
				GCC_WARN_UNUSED_VARIABLE = YES;
				IPHONEOS_DEPLOYMENT_TARGET = 8.3;
				SDKROOT = iphoneos;
				TARGETED_DEVICE_FAMILY = "1,2";
				VALIDATE_PRODUCT = YES;
			};
			name = Release;
		};
		6003F5C0195388D20070C39A /* Debug */ = {
			isa = XCBuildConfiguration;
			baseConfigurationReference = 25EFF4AA658B66E8794CD778 /* Pods.debug.xcconfig */;
			buildSettings = {
				ASSETCATALOG_COMPILER_APPICON_NAME = AppIcon;
				ASSETCATALOG_COMPILER_LAUNCHIMAGE_NAME = LaunchImage;
				CODE_SIGN_IDENTITY = "iPhone Developer";
				"CODE_SIGN_IDENTITY[sdk=iphoneos*]" = "iPhone Developer";
				GCC_PRECOMPILE_PREFIX_HEADER = YES;
				GCC_PREFIX_HEADER = "BenchMark/HWCoreFramework-Prefix.pch";
				INFOPLIST_FILE = "BenchMark/HWCoreFramework-Info.plist";
				IPHONEOS_DEPLOYMENT_TARGET = 8.0;
				MODULE_NAME = ExampleApp;
				PRODUCT_BUNDLE_IDENTIFIER = com.parallelworld.hwcoreframework;
				PRODUCT_NAME = "$(TARGET_NAME)";
				PROVISIONING_PROFILE = "";
				TARGETED_DEVICE_FAMILY = 1;
				WRAPPER_EXTENSION = app;
			};
			name = Debug;
		};
		6003F5C1195388D20070C39A /* Release */ = {
			isa = XCBuildConfiguration;
			baseConfigurationReference = 12ED28FEA8153953593DBC08 /* Pods.release.xcconfig */;
			buildSettings = {
				ASSETCATALOG_COMPILER_APPICON_NAME = AppIcon;
				ASSETCATALOG_COMPILER_LAUNCHIMAGE_NAME = LaunchImage;
				CODE_SIGN_IDENTITY = "iPhone Developer";
				"CODE_SIGN_IDENTITY[sdk=iphoneos*]" = "iPhone Developer";
				GCC_PRECOMPILE_PREFIX_HEADER = YES;
				GCC_PREFIX_HEADER = "BenchMark/HWCoreFramework-Prefix.pch";
				INFOPLIST_FILE = "BenchMark/HWCoreFramework-Info.plist";
				IPHONEOS_DEPLOYMENT_TARGET = 8.0;
				MODULE_NAME = ExampleApp;
				PRODUCT_BUNDLE_IDENTIFIER = com.parallelworld.hwcoreframework;
				PRODUCT_NAME = "$(TARGET_NAME)";
				PROVISIONING_PROFILE = "";
				TARGETED_DEVICE_FAMILY = 1;
				WRAPPER_EXTENSION = app;
			};
			name = Release;
		};
/* End XCBuildConfiguration section */

/* Begin XCConfigurationList section */
		6003F585195388D10070C39A /* Build configuration list for PBXProject "HWCoreFramework" */ = {
			isa = XCConfigurationList;
			buildConfigurations = (
				6003F5BD195388D20070C39A /* Debug */,
				6003F5BE195388D20070C39A /* Release */,
			);
			defaultConfigurationIsVisible = 0;
			defaultConfigurationName = Release;
		};
		6003F5BF195388D20070C39A /* Build configuration list for PBXNativeTarget "HWCoreFramework" */ = {
			isa = XCConfigurationList;
			buildConfigurations = (
				6003F5C0195388D20070C39A /* Debug */,
				6003F5C1195388D20070C39A /* Release */,
			);
			defaultConfigurationIsVisible = 0;
			defaultConfigurationName = Release;
		};
/* End XCConfigurationList section */
	};
	rootObject = 6003F582195388D10070C39A /* Project object */;
}
